// !$*UTF8*$!
{
	archiveVersion = 1;
	classes = {
	};
	objectVersion = 46;
	objects = {

/* Begin PBXBuildFile section */
		8423845419CA711E00F52DC6 /* AppDelegate.swift in Sources */ = {isa = PBXBuildFile; fileRef = 8423845319CA711E00F52DC6 /* AppDelegate.swift */; };
		8423845619CA711E00F52DC6 /* ViewController.swift in Sources */ = {isa = PBXBuildFile; fileRef = 8423845519CA711E00F52DC6 /* ViewController.swift */; };
		8423845919CA711E00F52DC6 /* Main.storyboard in Resources */ = {isa = PBXBuildFile; fileRef = 8423845719CA711E00F52DC6 /* Main.storyboard */; };
		8423845B19CA711E00F52DC6 /* Images.xcassets in Resources */ = {isa = PBXBuildFile; fileRef = 8423845A19CA711E00F52DC6 /* Images.xcassets */; };
		8423845E19CA711E00F52DC6 /* LaunchScreen.xib in Resources */ = {isa = PBXBuildFile; fileRef = 8423845C19CA711E00F52DC6 /* LaunchScreen.xib */; };
		8423846A19CA711E00F52DC6 /* Age_Of_CupcakeTests.swift in Sources */ = {isa = PBXBuildFile; fileRef = 8423846919CA711E00F52DC6 /* Age_Of_CupcakeTests.swift */; };
		8423847419CB314B00F52DC6 /* AgeOfCupcake.jpg in Resources */ = {isa = PBXBuildFile; fileRef = 8423847319CB314B00F52DC6 /* AgeOfCupcake.jpg */; };
		84E8EC7219CB81CA001BA93E /* dog.jpg in Resources */ = {isa = PBXBuildFile; fileRef = 84E8EC7119CB81CA001BA93E /* dog.jpg */; };
		84E8EC7419CB8299001BA93E /* cat.jpg in Resources */ = {isa = PBXBuildFile; fileRef = 84E8EC7319CB8299001BA93E /* cat.jpg */; };
/* End PBXBuildFile section */

/* Begin PBXContainerItemProxy section */
		8423846419CA711E00F52DC6 /* PBXContainerItemProxy */ = {
			isa = PBXContainerItemProxy;
			containerPortal = 8423844619CA711E00F52DC6 /* Project object */;
			proxyType = 1;
			remoteGlobalIDString = 8423844D19CA711E00F52DC6;
			remoteInfo = "Age Of Cupcake";
		};
/* End PBXContainerItemProxy section */

/* Begin PBXFileReference section */
		8423844E19CA711E00F52DC6 /* Age Of Cupcake.app */ = {isa = PBXFileReference; explicitFileType = wrapper.application; includeInIndex = 0; path = "Age Of Cupcake.app"; sourceTree = BUILT_PRODUCTS_DIR; };
		8423845219CA711E00F52DC6 /* Info.plist */ = {isa = PBXFileReference; lastKnownFileType = text.plist.xml; path = Info.plist; sourceTree = "<group>"; };
		8423845319CA711E00F52DC6 /* AppDelegate.swift */ = {isa = PBXFileReference; lastKnownFileType = sourcecode.swift; path = AppDelegate.swift; sourceTree = "<group>"; };
		8423845519CA711E00F52DC6 /* ViewController.swift */ = {isa = PBXFileReference; lastKnownFileType = sourcecode.swift; path = ViewController.swift; sourceTree = "<group>"; };
		8423845819CA711E00F52DC6 /* Base */ = {isa = PBXFileReference; lastKnownFileType = file.storyboard; name = Base; path = Base.lproj/Main.storyboard; sourceTree = "<group>"; };
		8423845A19CA711E00F52DC6 /* Images.xcassets */ = {isa = PBXFileReference; lastKnownFileType = folder.assetcatalog; path = Images.xcassets; sourceTree = "<group>"; };
		8423845D19CA711E00F52DC6 /* Base */ = {isa = PBXFileReference; lastKnownFileType = file.xib; name = Base; path = Base.lproj/LaunchScreen.xib; sourceTree = "<group>"; };
		8423846319CA711E00F52DC6 /* Age Of CupcakeTests.xctest */ = {isa = PBXFileReference; explicitFileType = wrapper.cfbundle; includeInIndex = 0; path = "Age Of CupcakeTests.xctest"; sourceTree = BUILT_PRODUCTS_DIR; };
		8423846819CA711E00F52DC6 /* Info.plist */ = {isa = PBXFileReference; lastKnownFileType = text.plist.xml; path = Info.plist; sourceTree = "<group>"; };
		8423846919CA711E00F52DC6 /* Age_Of_CupcakeTests.swift */ = {isa = PBXFileReference; lastKnownFileType = sourcecode.swift; path = Age_Of_CupcakeTests.swift; sourceTree = "<group>"; };
		8423847319CB314B00F52DC6 /* AgeOfCupcake.jpg */ = {isa = PBXFileReference; lastKnownFileType = image.jpeg; path = AgeOfCupcake.jpg; sourceTree = "<group>"; };
		84E8EC7119CB81CA001BA93E /* dog.jpg */ = {isa = PBXFileReference; lastKnownFileType = image.jpeg; path = dog.jpg; sourceTree = "<group>"; };
		84E8EC7319CB8299001BA93E /* cat.jpg */ = {isa = PBXFileReference; lastKnownFileType = image.jpeg; path = cat.jpg; sourceTree = "<group>"; };
/* End PBXFileReference section */

/* Begin PBXFrameworksBuildPhase section */
		8423844B19CA711E00F52DC6 /* Frameworks */ = {
			isa = PBXFrameworksBuildPhase;
			buildActionMask = 2147483647;
			files = (
			);
			runOnlyForDeploymentPostprocessing = 0;
		};
		8423846019CA711E00F52DC6 /* Frameworks */ = {
			isa = PBXFrameworksBuildPhase;
			buildActionMask = 2147483647;
			files = (
			);
			runOnlyForDeploymentPostprocessing = 0;
		};
/* End PBXFrameworksBuildPhase section */

/* Begin PBXGroup section */
		8423844519CA711E00F52DC6 = {
			isa = PBXGroup;
			children = (
				8423845019CA711E00F52DC6 /* Age Of Cupcake */,
				8423846619CA711E00F52DC6 /* Age Of CupcakeTests */,
				8423844F19CA711E00F52DC6 /* Products */,
			);
			sourceTree = "<group>";
		};
		8423844F19CA711E00F52DC6 /* Products */ = {
			isa = PBXGroup;
			children = (
				8423844E19CA711E00F52DC6 /* Age Of Cupcake.app */,
				8423846319CA711E00F52DC6 /* Age Of CupcakeTests.xctest */,
			);
			name = Products;
			sourceTree = "<group>";
		};
		8423845019CA711E00F52DC6 /* Age Of Cupcake */ = {
			isa = PBXGroup;
			children = (
				8423845319CA711E00F52DC6 /* AppDelegate.swift */,
				8423845519CA711E00F52DC6 /* ViewController.swift */,
				8423845719CA711E00F52DC6 /* Main.storyboard */,
				8423845A19CA711E00F52DC6 /* Images.xcassets */,
				8423845C19CA711E00F52DC6 /* LaunchScreen.xib */,
				8423845119CA711E00F52DC6 /* Supporting Files */,
			);
			path = "Age Of Cupcake";
			sourceTree = "<group>";
		};
		8423845119CA711E00F52DC6 /* Supporting Files */ = {
			isa = PBXGroup;
			children = (
				84E8EC7319CB8299001BA93E /* cat.jpg */,
				84E8EC7119CB81CA001BA93E /* dog.jpg */,
				8423847319CB314B00F52DC6 /* AgeOfCupcake.jpg */,
				8423845219CA711E00F52DC6 /* Info.plist */,
			);
			name = "Supporting Files";
			sourceTree = "<group>";
		};
		8423846619CA711E00F52DC6 /* Age Of CupcakeTests */ = {
			isa = PBXGroup;
			children = (
				8423846919CA711E00F52DC6 /* Age_Of_CupcakeTests.swift */,
				8423846719CA711E00F52DC6 /* Supporting Files */,
			);
			path = "Age Of CupcakeTests";
			sourceTree = "<group>";
		};
		8423846719CA711E00F52DC6 /* Supporting Files */ = {
			isa = PBXGroup;
			children = (
				8423846819CA711E00F52DC6 /* Info.plist */,
			);
			name = "Supporting Files";
			sourceTree = "<group>";
		};
/* End PBXGroup section */

/* Begin PBXNativeTarget section */
		8423844D19CA711E00F52DC6 /* Age Of Cupcake */ = {
			isa = PBXNativeTarget;
			buildConfigurationList = 8423846D19CA711E00F52DC6 /* Build configuration list for PBXNativeTarget "Age Of Cupcake" */;
			buildPhases = (
				8423844A19CA711E00F52DC6 /* Sources */,
				8423844B19CA711E00F52DC6 /* Frameworks */,
				8423844C19CA711E00F52DC6 /* Resources */,
			);
			buildRules = (
			);
			dependencies = (
			);
			name = "Age Of Cupcake";
			productName = "Age Of Cupcake";
			productReference = 8423844E19CA711E00F52DC6 /* Age Of Cupcake.app */;
			productType = "com.apple.product-type.application";
		};
		8423846219CA711E00F52DC6 /* Age Of CupcakeTests */ = {
			isa = PBXNativeTarget;
			buildConfigurationList = 8423847019CA711E00F52DC6 /* Build configuration list for PBXNativeTarget "Age Of CupcakeTests" */;
			buildPhases = (
				8423845F19CA711E00F52DC6 /* Sources */,
				8423846019CA711E00F52DC6 /* Frameworks */,
				8423846119CA711E00F52DC6 /* Resources */,
			);
			buildRules = (
			);
			dependencies = (
				8423846519CA711E00F52DC6 /* PBXTargetDependency */,
			);
			name = "Age Of CupcakeTests";
			productName = "Age Of CupcakeTests";
			productReference = 8423846319CA711E00F52DC6 /* Age Of CupcakeTests.xctest */;
			productType = "com.apple.product-type.bundle.unit-test";
		};
/* End PBXNativeTarget section */

/* Begin PBXProject section */
		8423844619CA711E00F52DC6 /* Project object */ = {
			isa = PBXProject;
			attributes = {
				LastUpgradeCheck = 0600;
				ORGANIZATIONNAME = KTKTC;
				TargetAttributes = {
					8423844D19CA711E00F52DC6 = {
						CreatedOnToolsVersion = 6.0;
					};
					8423846219CA711E00F52DC6 = {
						CreatedOnToolsVersion = 6.0;
						TestTargetID = 8423844D19CA711E00F52DC6;
					};
				};
			};
			buildConfigurationList = 8423844919CA711E00F52DC6 /* Build configuration list for PBXProject "Age Of Cupcake" */;
			compatibilityVersion = "Xcode 3.2";
			developmentRegion = English;
			hasScannedForEncodings = 0;
			knownRegions = (
				en,
				Base,
			);
			mainGroup = 8423844519CA711E00F52DC6;
			productRefGroup = 8423844F19CA711E00F52DC6 /* Products */;
			projectDirPath = "";
			projectRoot = "";
			targets = (
				8423844D19CA711E00F52DC6 /* Age Of Cupcake */,
				8423846219CA711E00F52DC6 /* Age Of CupcakeTests */,
			);
		};
/* End PBXProject section */

/* Begin PBXResourcesBuildPhase section */
		8423844C19CA711E00F52DC6 /* Resources */ = {
			isa = PBXResourcesBuildPhase;
			buildActionMask = 2147483647;
			files = (
				84E8EC7419CB8299001BA93E /* cat.jpg in Resources */,
				8423845919CA711E00F52DC6 /* Main.storyboard in Resources */,
				84E8EC7219CB81CA001BA93E /* dog.jpg in Resources */,
				8423847419CB314B00F52DC6 /* AgeOfCupcake.jpg in Resources */,
				8423845E19CA711E00F52DC6 /* LaunchScreen.xib in Resources */,
				8423845B19CA711E00F52DC6 /* Images.xcassets in Resources */,
			);
			runOnlyForDeploymentPostprocessing = 0;
		};
		8423846119CA711E00F52DC6 /* Resources */ = {
			isa = PBXResourcesBuildPhase;
			buildActionMask = 2147483647;
			files = (
			);
			runOnlyForDeploymentPostprocessing = 0;
		};
/* End PBXResourcesBuildPhase section */

/* Begin PBXSourcesBuildPhase section */
		8423844A19CA711E00F52DC6 /* Sources */ = {
			isa = PBXSourcesBuildPhase;
			buildActionMask = 2147483647;
			files = (
				8423845619CA711E00F52DC6 /* ViewController.swift in Sources */,
				8423845419CA711E00F52DC6 /* AppDelegate.swift in Sources */,
			);
			runOnlyForDeploymentPostprocessing = 0;
		};
		8423845F19CA711E00F52DC6 /* Sources */ = {
			isa = PBXSourcesBuildPhase;
			buildActionMask = 2147483647;
			files = (
				8423846A19CA711E00F52DC6 /* Age_Of_CupcakeTests.swift in Sources */,
			);
			runOnlyForDeploymentPostprocessing = 0;
		};
/* End PBXSourcesBuildPhase section */

/* Begin PBXTargetDependency section */
		8423846519CA711E00F52DC6 /* PBXTargetDependency */ = {
			isa = PBXTargetDependency;
			target = 8423844D19CA711E00F52DC6 /* Age Of Cupcake */;
			targetProxy = 8423846419CA711E00F52DC6 /* PBXContainerItemProxy */;
		};
/* End PBXTargetDependency section */

/* Begin PBXVariantGroup section */
		8423845719CA711E00F52DC6 /* Main.storyboard */ = {
			isa = PBXVariantGroup;
			children = (
				8423845819CA711E00F52DC6 /* Base */,
			);
			name = Main.storyboard;
			sourceTree = "<group>";
		};
		8423845C19CA711E00F52DC6 /* LaunchScreen.xib */ = {
			isa = PBXVariantGroup;
			children = (
				8423845D19CA711E00F52DC6 /* Base */,
			);
			name = LaunchScreen.xib;
			sourceTree = "<group>";
		};
/* End PBXVariantGroup section */

/* Begin XCBuildConfiguration section */
		8423846B19CA711E00F52DC6 /* Debug */ = {
			isa = XCBuildConfiguration;
			buildSettings = {
				ALWAYS_SEARCH_USER_PATHS = NO;
				CLANG_CXX_LANGUAGE_STANDARD = "gnu++0x";
				CLANG_CXX_LIBRARY = "libc++";
				CLANG_ENABLE_MODULES = YES;
				CLANG_ENABLE_OBJC_ARC = YES;
				CLANG_WARN_BOOL_CONVERSION = YES;
				CLANG_WARN_CONSTANT_CONVERSION = YES;
				CLANG_WARN_DIRECT_OBJC_ISA_USAGE = YES_ERROR;
				CLANG_WARN_EMPTY_BODY = YES;
				CLANG_WARN_ENUM_CONVERSION = YES;
				CLANG_WARN_INT_CONVERSION = YES;
				CLANG_WARN_OBJC_ROOT_CLASS = YES_ERROR;
				CLANG_WARN_UNREACHABLE_CODE = YES;
				CLANG_WARN__DUPLICATE_METHOD_MATCH = YES;
				"CODE_SIGN_IDENTITY[sdk=iphoneos*]" = "iPhone Developer";
				COPY_PHASE_STRIP = NO;
				ENABLE_STRICT_OBJC_MSGSEND = YES;
				GCC_C_LANGUAGE_STANDARD = gnu99;
				GCC_DYNAMIC_NO_PIC = NO;
				GCC_OPTIMIZATION_LEVEL = 0;
				GCC_PREPROCESSOR_DEFINITIONS = (
					"DEBUG=1",
					"$(inherited)",
				);
				GCC_SYMBOLS_PRIVATE_EXTERN = NO;
				GCC_WARN_64_TO_32_BIT_CONVERSION = YES;
				GCC_WARN_ABOUT_RETURN_TYPE = YES_ERROR;
				GCC_WARN_UNDECLARED_SELECTOR = YES;
				GCC_WARN_UNINITIALIZED_AUTOS = YES_AGGRESSIVE;
				GCC_WARN_UNUSED_FUNCTION = YES;
				GCC_WARN_UNUSED_VARIABLE = YES;
				IPHONEOS_DEPLOYMENT_TARGET = 8.0;
				MTL_ENABLE_DEBUG_INFO = YES;
				ONLY_ACTIVE_ARCH = YES;
				SDKROOT = iphoneos;
				SWIFT_OPTIMIZATION_LEVEL = "-Onone";
			};
			name = Debug;
		};
		8423846C19CA711E00F52DC6 /* Release */ = {
			isa = XCBuildConfiguration;
			buildSettings = {
				ALWAYS_SEARCH_USER_PATHS = NO;
				CLANG_CXX_LANGUAGE_STANDARD = "gnu++0x";
				CLANG_CXX_LIBRARY = "libc++";
				CLANG_ENABLE_MODULES = YES;
				CLANG_ENABLE_OBJC_ARC = YES;
				CLANG_WARN_BOOL_CONVERSION = YES;
				CLANG_WARN_CONSTANT_CONVERSION = YES;
				CLANG_WARN_DIRECT_OBJC_ISA_USAGE = YES_ERROR;
				CLANG_WARN_EMPTY_BODY = YES;
				CLANG_WARN_ENUM_CONVERSION = YES;
				CLANG_WARN_INT_CONVERSION = YES;
				CLANG_WARN_OBJC_ROOT_CLASS = YES_ERROR;
				CLANG_WARN_UNREACHABLE_CODE = YES;
				CLANG_WARN__DUPLICATE_METHOD_MATCH = YES;
				"CODE_SIGN_IDENTITY[sdk=iphoneos*]" = "iPhone Developer";
				COPY_PHASE_STRIP = YES;
				ENABLE_NS_ASSERTIONS = NO;
				ENABLE_STRICT_OBJC_MSGSEND = YES;
				GCC_C_LANGUAGE_STANDARD = gnu99;
				GCC_WARN_64_TO_32_BIT_CONVERSION = YES;
				GCC_WARN_ABOUT_RETURN_TYPE = YES_ERROR;
				GCC_WARN_UNDECLARED_SELECTOR = YES;
				GCC_WARN_UNINITIALIZED_AUTOS = YES_AGGRESSIVE;
				GCC_WARN_UNUSED_FUNCTION = YES;
				GCC_WARN_UNUSED_VARIABLE = YES;
				IPHONEOS_DEPLOYMENT_TARGET = 8.0;
				MTL_ENABLE_DEBUG_INFO = NO;
				SDKROOT = iphoneos;
				VALIDATE_PRODUCT = YES;
			};
			name = Release;
		};
		8423846E19CA711E00F52DC6 /* Debug */ = {
			isa = XCBuildConfiguration;
			buildSettings = {
				ASSETCATALOG_COMPILER_APPICON_NAME = AppIcon;
				INFOPLIST_FILE = "Age Of Cupcake/Info.plist";
				LD_RUNPATH_SEARCH_PATHS = "$(inherited) @executable_path/Frameworks";
				PRODUCT_NAME = "$(TARGET_NAME)";
			};
			name = Debug;
		};
		8423846F19CA711E00F52DC6 /* Release */ = {
			isa = XCBuildConfiguration;
			buildSettings = {
				ASSETCATALOG_COMPILER_APPICON_NAME = AppIcon;
				INFOPLIST_FILE = "Age Of Cupcake/Info.plist";
				LD_RUNPATH_SEARCH_PATHS = "$(inherited) @executable_path/Frameworks";
				PRODUCT_NAME = "$(TARGET_NAME)";
			};
			name = Release;
		};
		8423847119CA711E00F52DC6 /* Debug */ = {
			isa = XCBuildConfiguration;
			buildSettings = {
				BUNDLE_LOADER = "$(TEST_HOST)";
				FRAMEWORK_SEARCH_PATHS = (
					"$(SDKROOT)/Developer/Library/Frameworks",
					"$(inherited)",
				);
				GCC_PREPROCESSOR_DEFINITIONS = (
					"DEBUG=1",
					"$(inherited)",
				);
				INFOPLIST_FILE = "Age Of CupcakeTests/Info.plist";
				LD_RUNPATH_SEARCH_PATHS = "$(inherited) @executable_path/Frameworks @loader_path/Frameworks";
				PRODUCT_NAME = "$(TARGET_NAME)";
				TEST_HOST = "$(BUILT_PRODUCTS_DIR)/Age Of Cupcake.app/Age Of Cupcake";
			};
			name = Debug;
		};
		8423847219CA711E00F52DC6 /* Release */ = {
			isa = XCBuildConfiguration;
			buildSettings = {
				BUNDLE_LOADER = "$(TEST_HOST)";
				FRAMEWORK_SEARCH_PATHS = (
					"$(SDKROOT)/Developer/Library/Frameworks",
					"$(inherited)",
				);
				INFOPLIST_FILE = "Age Of CupcakeTests/Info.plist";
				LD_RUNPATH_SEARCH_PATHS = "$(inherited) @executable_path/Frameworks @loader_path/Frameworks";
				PRODUCT_NAME = "$(TARGET_NAME)";
				TEST_HOST = "$(BUILT_PRODUCTS_DIR)/Age Of Cupcake.app/Age Of Cupcake";
			};
			name = Release;
		};
/* End XCBuildConfiguration section */

/* Begin XCConfigurationList section */
		8423844919CA711E00F52DC6 /* Build configuration list for PBXProject "Age Of Cupcake" */ = {
			isa = XCConfigurationList;
			buildConfigurations = (
				8423846B19CA711E00F52DC6 /* Debug */,
				8423846C19CA711E00F52DC6 /* Release */,
			);
			defaultConfigurationIsVisible = 0;
			defaultConfigurationName = Release;
		};
		8423846D19CA711E00F52DC6 /* Build configuration list for PBXNativeTarget "Age Of Cupcake" */ = {
			isa = XCConfigurationList;
			buildConfigurations = (
				8423846E19CA711E00F52DC6 /* Debug */,
				8423846F19CA711E00F52DC6 /* Release */,
			);
			defaultConfigurationIsVisible = 0;
			defaultConfigurationName = Release;
		};
		8423847019CA711E00F52DC6 /* Build configuration list for PBXNativeTarget "Age Of CupcakeTests" */ = {
			isa = XCConfigurationList;
			buildConfigurations = (
				8423847119CA711E00F52DC6 /* Debug */,
				8423847219CA711E00F52DC6 /* Release */,
			);
			defaultConfigurationIsVisible = 0;
			defaultConfigurationName = Release;
		};
/* End XCConfigurationList section */
	};
	rootObject = 8423844619CA711E00F52DC6 /* Project object */;
}
